
Microsoft Visual Studio Solution File, Format Version 12.00
# Visual Studio Version 16
VisualStudioVersion = 16.0.30517.126
MinimumVisualStudioVersion = 10.0.40219.1
Project("{FAE04EC0-301F-11D3-BF4B-00C04F79EFBC}") = "SamirC.POO", "SamirC.POO\SamirC.POO.csproj", "{5B74A428-8960-4157-87EF-485B039E3B2E}"
EndProject
Global
	GlobalSection(SolutionConfigurationPlatforms) = preSolution
		Debug|Any CPU = Debug|Any CPU
		Release|Any CPU = Release|Any CPU
	EndGlobalSection
	GlobalSection(ProjectConfigurationPlatforms) = postSolution
		{5B74A428-8960-4157-87EF-485B039E3B2E}.Debug|Any CPU.ActiveCfg = Debug|Any CPU
		{5B74A428-8960-4157-87EF-485B039E3B2E}.Debug|Any CPU.Build.0 = Debug|Any CPU
		{5B74A428-8960-4157-87EF-485B039E3B2E}.Release|Any CPU.ActiveCfg = Release|Any CPU
		{5B74A428-8960-4157-87EF-485B039E3B2E}.Release|Any CPU.Build.0 = Release|Any CPU
	EndGlobalSection
	GlobalSection(SolutionProperties) = preSolution
		HideSolutionNode = FALSE
	EndGlobalSection
	GlobalSection(ExtensibilityGlobals) = postSolution
		SolutionGuid = {785662FA-0BB2-4C71-8D2D-5C708C49A520}
	EndGlobalSection
EndGlobal
